
Microsoft Visual Studio Solution File, Format Version 12.00
# Visual Studio 15
VisualStudioVersion = 15.0.27520.0
MinimumVisualStudioVersion = 10.0.40219.1
Project("{FAE04EC0-301F-11D3-BF4B-00C04F79EFBC}") = "PromiseBlazorTest", "PromiseBlazorTest\PromiseBlazorTest.csproj", "{6A3BE4AB-EC6D-401E-9580-C8D980615574}"
EndProject
Global
	GlobalSection(SolutionConfigurationPlatforms) = preSolution
		Debug|Any CPU = Debug|Any CPU
		Release|Any CPU = Release|Any CPU
	EndGlobalSection
	GlobalSection(ProjectConfigurationPlatforms) = postSolution
		{6A3BE4AB-EC6D-401E-9580-C8D980615574}.Debug|Any CPU.ActiveCfg = Debug|Any CPU
		{6A3BE4AB-EC6D-401E-9580-C8D980615574}.Debug|Any CPU.Build.0 = Debug|Any CPU
		{6A3BE4AB-EC6D-401E-9580-C8D980615574}.Release|Any CPU.ActiveCfg = Release|Any CPU
		{6A3BE4AB-EC6D-401E-9580-C8D980615574}.Release|Any CPU.Build.0 = Release|Any CPU
	EndGlobalSection
	GlobalSection(SolutionProperties) = preSolution
		HideSolutionNode = FALSE
	EndGlobalSection
	GlobalSection(ExtensibilityGlobals) = postSolution
		SolutionGuid = {06350143-C823-4FFF-9E50-2D1CF50114E3}
	EndGlobalSection
EndGlobal
